{
  "name": "rails_vue_template",
  "requires": true,
  "lockfileVersion": 1,
  "dependencies": {
    "vue-info-card": {
      "version": "0.1.1",
      "resolved": "https://registry.npmjs.org/vue-info-card/-/vue-info-card-0.1.1.tgz",
      "integrity": "sha512-S0SE4P0a8DVDfoJkt5BSDa2msr0u4ZzseAms+m6HactwdSnu9lMraWwo2AhxJkf18voiB+q4BDXO+n2VLntr4A==",
      "requires": {
        "vuetrend": "0.2.3"
      }
    },
    "vuetrend": {
      "version": "0.2.3",
      "resolved": "https://registry.npmjs.org/vuetrend/-/vuetrend-0.2.3.tgz",
      "integrity": "sha512-UABGhn/RbVWpI1mZLQz467o6LkQH6mXg1tPln6lfl5NjzU0HEAPQJK+UptbOzs+/JWewk+oU+alUqW4t/GzQ9Q=="
    }
  }
}
